<?xml version="1.0" encoding="UTF-8"?>
<Solution>
	<Configurations>
		<BuildType Name="Debug"/>
		<BuildType Name="Release"/>
		<BuildType Name="MinSizeRel"/>
		<BuildType Name="RelWithDebInfo"/>
		<Platform Name="x64"/>
	</Configurations>
	<Project Path="ALL_BUILD.vcxproj" Type="8bc9ceb8-8b4a-11d0-8d11-00a0c91bc942" Id="fe7f2d4e-4eb8-335f-83f1-29002cd6391e" DefaultStartup="true">
		<BuildDependency Project="ZERO_CHECK.vcxproj"/>
		<BuildDependency Project="verdant_overlay.vcxproj"/>
		<Build Solution="Debug|*" Project="false"/>
		<Build Solution="Release|*" Project="false"/>
		<Build Solution="MinSizeRel|*" Project="false"/>
		<Build Solution="RelWithDebInfo|*" Project="false"/>
	</Project>
	<Project Path="ZERO_CHECK.vcxproj" Type="8bc9ceb8-8b4a-11d0-8d11-00a0c91bc942" Id="34ba1233-a4d0-38c9-b52e-4d76004042bd"/>
	<Project Path="verdant_overlay.vcxproj" Type="8bc9ceb8-8b4a-11d0-8d11-00a0c91bc942" Id="17eebdec-718d-34a5-9f18-658bf2714d85">
		<BuildDependency Project="ZERO_CHECK.vcxproj"/>
	</Project>
</Solution>
